
Microsoft Visual Studio Solution File, Format Version 12.00
# Visual Studio 15
VisualStudioVersion = 15.0.26730.16
MinimumVisualStudioVersion = 10.0.40219.1
Project("{FAE04EC0-301F-11D3-BF4B-00C04F79EFBC}") = "ClassWork10", "ClassWork10\ClassWork10.csproj", "{D13E5337-0437-4B7A-AEDE-7BA6993E27A6}"
EndProject
Global
	GlobalSection(SolutionConfigurationPlatforms) = preSolution
		Debug|Any CPU = Debug|Any CPU
		Release|Any CPU = Release|Any CPU
	EndGlobalSection
	GlobalSection(ProjectConfigurationPlatforms) = postSolution
		{D13E5337-0437-4B7A-AEDE-7BA6993E27A6}.Debug|Any CPU.ActiveCfg = Debug|Any CPU
		{D13E5337-0437-4B7A-AEDE-7BA6993E27A6}.Debug|Any CPU.Build.0 = Debug|Any CPU
		{D13E5337-0437-4B7A-AEDE-7BA6993E27A6}.Release|Any CPU.ActiveCfg = Release|Any CPU
		{D13E5337-0437-4B7A-AEDE-7BA6993E27A6}.Release|Any CPU.Build.0 = Release|Any CPU
	EndGlobalSection
	GlobalSection(SolutionProperties) = preSolution
		HideSolutionNode = FALSE
	EndGlobalSection
	GlobalSection(ExtensibilityGlobals) = postSolution
		SolutionGuid = {C6F1CCBC-D12D-4CA6-BF5F-480F2045107E}
	EndGlobalSection
EndGlobal
